{
	"requires": true,
	"lockfileVersion": 1,
	"dependencies": {
		"copy-anything": {
			"version": "2.0.3",
			"resolved": "https://registry.npmjs.org/copy-anything/-/copy-anything-2.0.3.tgz",
			"integrity": "sha512-GK6QUtisv4fNS+XcI7shX0Gx9ORg7QqIznyfho79JTnX1XhLiyZHfftvGiziqzRiEi/Bjhgpi+D2o7HxJFPnDQ==",
			"dev": true,
			"requires": {
				"is-what": "^3.12.0"
			}
		},
		"errno": {
			"version": "0.1.8",
			"resolved": "https://registry.npmjs.org/errno/-/errno-0.1.8.tgz",
			"integrity": "sha512-dJ6oBr5SQ1VSd9qkk7ByRgb/1SH4JZjCHSW/mr63/QcXO9zLVxvJ6Oy13nio03rxpSnVDDjFor75SjVeZWPW/A==",
			"dev": true,
			"optional": true,
			"requires": {
				"prr": "~1.0.1"
			}
		},
		"esbuild": {
			"version": "0.8.47",
			"resolved": "https://registry.npmjs.org/esbuild/-/esbuild-0.8.47.tgz",
			"integrity": "sha512-4C9pInguP36c9CRDMSb6W1KrMfXrLIQVtI02Vglc43RBV0Dw49ODEnP6985mrz5iqCdQ2Cxmb9i670J/s3DBPA==",
			"dev": true
		},
		"fsevents": {
			"version": "2.3.2",
			"resolved": "https://registry.npmjs.org/fsevents/-/fsevents-2.3.2.tgz",
			"integrity": "sha512-xiqMQR4xAeHTuB9uWm+fFRcIOgKBMiOBP+eXiyT7jsgVCq1bkVygt00oASowB7EdtpOHaaPgKt812P9ab+DDKA==",
			"dev": true,
			"optional": true
		},
		"graceful-fs": {
			"version": "4.2.6",
			"resolved": "https://registry.npmjs.org/graceful-fs/-/graceful-fs-4.2.6.tgz",
			"integrity": "sha512-nTnJ528pbqxYanhpDYsi4Rd8MAeaBA67+RZ10CM1m3bTAVFEDcd5AuA4a6W5YkGZ1iNXHzZz8T6TBKLeBuNriQ==",
			"dev": true,
			"optional": true
		},
		"image-size": {
			"version": "0.5.5",
			"resolved": "https://registry.npmjs.org/image-size/-/image-size-0.5.5.tgz",
			"integrity": "sha1-Cd/Uq50g4p6xw+gLiZA3jfnjy5w=",
			"dev": true,
			"optional": true
		},
		"is-docker": {
			"version": "2.1.1",
			"resolved": "https://registry.npmjs.org/is-docker/-/is-docker-2.1.1.tgz",
			"integrity": "sha512-ZOoqiXfEwtGknTiuDEy8pN2CfE3TxMHprvNer1mXiqwkOT77Rw3YVrUQ52EqAOU3QAWDQ+bQdx7HJzrv7LS2Hw==",
			"dev": true
		},
		"is-what": {
			"version": "3.12.0",
			"resolved": "https://registry.npmjs.org/is-what/-/is-what-3.12.0.tgz",
			"integrity": "sha512-2ilQz5/f/o9V7WRWJQmpFYNmQFZ9iM+OXRonZKcYgTkCzjb949Vi4h282PD1UfmgHk666rcWonbRJ++KI41VGw==",
			"dev": true
		},
		"is-wsl": {
			"version": "2.2.0",
			"resolved": "https://registry.npmjs.org/is-wsl/-/is-wsl-2.2.0.tgz",
			"integrity": "sha512-fKzAra0rGJUUBwGBgNkHZuToZcn+TtXHpeCgmkMJMMYx1sQDYaCSyjJBSCa2nH1DGm7s3n1oBnohoVTBaN7Lww==",
			"dev": true,
			"requires": {
				"is-docker": "^2.0.0"
			}
		},
		"less": {
			"version": "3.13.1",
			"resolved": "https://registry.npmjs.org/less/-/less-3.13.1.tgz",
			"integrity": "sha512-SwA1aQXGUvp+P5XdZslUOhhLnClSLIjWvJhmd+Vgib5BFIr9lMNlQwmwUNOjXThF/A0x+MCYYPeWEfeWiLRnTw==",
			"dev": true,
			"requires": {
				"copy-anything": "^2.0.1",
				"errno": "^0.1.1",
				"graceful-fs": "^4.1.2",
				"image-size": "~0.5.0",
				"make-dir": "^2.1.0",
				"mime": "^1.4.1",
				"native-request": "^1.0.5",
				"source-map": "~0.6.0",
				"tslib": "^1.10.0"
			},
			"dependencies": {
				"tslib": {
					"version": "1.14.1",
					"resolved": "https://registry.npmjs.org/tslib/-/tslib-1.14.1.tgz",
					"integrity": "sha512-Xni35NKzjgMrwevysHTCArtLDpPvye8zV/0E4EyYn43P7/7qvQwPh9BGkHewbMulVntbigmcT7rdX3BNo9wRJg==",
					"dev": true
				}
			}
		},
		"make-dir": {
			"version": "2.1.0",
			"resolved": "https://registry.npmjs.org/make-dir/-/make-dir-2.1.0.tgz",
			"integrity": "sha512-LS9X+dc8KLxXCb8dni79fLIIUA5VyZoyjSMCwTluaXA0o27cCK0bhXkpgw+sTXVpPy/lSO57ilRixqk0vDmtRA==",
			"dev": true,
			"optional": true,
			"requires": {
				"pify": "^4.0.1",
				"semver": "^5.6.0"
			}
		},
		"mime": {
			"version": "1.6.0",
			"resolved": "https://registry.npmjs.org/mime/-/mime-1.6.0.tgz",
			"integrity": "sha512-x0Vn8spI+wuJ1O6S7gnbaQg8Pxh4NNHb7KSINmEWKiPE4RKOplvijn+NkmYmmRgP68mc70j2EbeTFRsrswaQeg==",
			"dev": true,
			"optional": true
		},
		"native-request": {
			"version": "1.0.8",
			"resolved": "https://registry.npmjs.org/native-request/-/native-request-1.0.8.tgz",
			"integrity": "sha512-vU2JojJVelUGp6jRcLwToPoWGxSx23z/0iX+I77J3Ht17rf2INGjrhOoQnjVo60nQd8wVsgzKkPfRXBiVdD2ag==",
			"dev": true,
			"optional": true
		},
		"open": {
			"version": "7.4.2",
			"resolved": "https://registry.npmjs.org/open/-/open-7.4.2.tgz",
			"integrity": "sha512-MVHddDVweXZF3awtlAS+6pgKLlm/JgxZ90+/NBurBoQctVOOB/zDdVjcyPzQ+0laDGbsWgrRkflI65sQeOgT9Q==",
			"dev": true,
			"requires": {
				"is-docker": "^2.0.0",
				"is-wsl": "^2.1.1"
			}
		},
		"pify": {
			"version": "4.0.1",
			"resolved": "https://registry.npmjs.org/pify/-/pify-4.0.1.tgz",
			"integrity": "sha512-uB80kBFb/tfd68bVleG9T5GGsGPjJrLAUpR5PZIrhBnIaRTQRjqdJSsIKkOP6OAIFbj7GOrcudc5pNjZ+geV2g==",
			"dev": true,
			"optional": true
		},
		"preact": {
			"version": "10.5.12",
			"resolved": "https://registry.npmjs.org/preact/-/preact-10.5.12.tgz",
			"integrity": "sha512-r6siDkuD36oszwlCkcqDJCAKBQxGoeEGytw2DGMD5A/GGdu5Tymw+N2OBXwvOLxg6d1FeY8MgMV3cc5aVQo4Cg=="
		},
		"preact-feather": {
			"version": "4.1.0",
			"resolved": "https://registry.npmjs.org/preact-feather/-/preact-feather-4.1.0.tgz",
			"integrity": "sha512-F4p3TgGhbsel9IVmOkTzRS89Vr57lM3PsHgzDgGgmpPxYC6CcqT/vXhldWfltspdrdkkNVGIoCS371SpAQbiVQ=="
		},
		"preact-router": {
			"version": "3.2.1",
			"resolved": "https://registry.npmjs.org/preact-router/-/preact-router-3.2.1.tgz",
			"integrity": "sha512-KEN2VN1DxUlTwzW5IFkF13YIA2OdQ2OvgJTkQREF+AA2NrHRLaGbB68EjS4IeZOa1shvQ1FvEm3bSLta4sXBhg=="
		},
		"prr": {
			"version": "1.0.1",
			"resolved": "https://registry.npmjs.org/prr/-/prr-1.0.1.tgz",
			"integrity": "sha1-0/wRS6BplaRexok/SEzrHXj19HY=",
			"dev": true,
			"optional": true
		},
		"rollup": {
			"version": "2.39.0",
			"resolved": "https://registry.npmjs.org/rollup/-/rollup-2.39.0.tgz",
			"integrity": "sha512-+WR3bttcq7zE+BntH09UxaW3bQo3vItuYeLsyk4dL2tuwbeSKJuvwiawyhEnvRdRgrII0Uzk00FpctHO/zB1kw==",
			"dev": true,
			"requires": {
				"fsevents": "~2.3.1"
			}
		},
		"semver": {
			"version": "5.7.1",
			"resolved": "https://registry.npmjs.org/semver/-/semver-5.7.1.tgz",
			"integrity": "sha512-sauaDf/PZdVgrLTNYHRtpXa1iRiKcaebiKQ1BJdpQlWH2lCvexQdX55snPFyK7QzpudqbCI0qXFfOasHdyNDGQ==",
			"dev": true,
			"optional": true
		},
		"snowpack": {
			"version": "3.0.11",
			"resolved": "https://registry.npmjs.org/snowpack/-/snowpack-3.0.11.tgz",
			"integrity": "sha512-lBxgkvWTgdg0szE31JUt01wQkA9Lnmm+6lxqeV9rxDfflpx7ASnldVHFvu7Se70QJmPTQB0UJjfKI+xmYGwiiQ==",
			"dev": true,
			"requires": {
				"esbuild": "^0.8.7",
				"fsevents": "^2.2.0",
				"open": "^7.0.4",
				"rollup": "^2.34.0"
			}
		},
		"snowpack-plugin-less": {
			"version": "1.0.7",
			"resolved": "https://registry.npmjs.org/snowpack-plugin-less/-/snowpack-plugin-less-1.0.7.tgz",
			"integrity": "sha512-cuFVPltfS9nf0EayN0uigoelbGrhZ6DlEAPqnIT4sv2v0mRE+f+06eHfk4J/9wKz/5E2bYsLFXED9hjnf11b4Q==",
			"dev": true,
			"requires": {
				"less": "^3.12.2",
				"tslib": "^2.1.0"
			}
		},
		"source-map": {
			"version": "0.6.1",
			"resolved": "https://registry.npmjs.org/source-map/-/source-map-0.6.1.tgz",
			"integrity": "sha512-UjgapumWlbMhkBgzT7Ykc5YXUT46F0iKu8SGXq0bcwP5dz/h0Plj6enJqjz1Zbq2l5WaqYnrVbwWOWMyF3F47g==",
			"dev": true,
			"optional": true
		},
		"tslib": {
			"version": "2.1.0",
			"resolved": "https://registry.npmjs.org/tslib/-/tslib-2.1.0.tgz",
			"integrity": "sha512-hcVC3wYEziELGGmEEXue7D75zbwIIVUMWAVbHItGPx0ziyXxrOMQx4rQEVEV45Ut/1IotuEvwqPopzIOkDMf0A==",
			"dev": true
		},
		"typescript": {
			"version": "4.1.5",
			"resolved": "https://registry.npmjs.org/typescript/-/typescript-4.1.5.tgz",
			"integrity": "sha512-6OSu9PTIzmn9TCDiovULTnET6BgXtDYL4Gg4szY+cGsc3JP1dQL8qvE8kShTRx1NIw4Q9IBHlwODjkjWEtMUyA==",
			"dev": true
		}
	}
}
